{
  "name": "@mobile/hjson",
  "version": "2.0.5",
  "lockfileVersion": 1,
  "requires": true,
  "dependencies": {
    "hjson": {
      "version": "2.0.5",
      "resolved": "https://registry.npmjs.org/hjson/-/hjson-2.0.5.tgz",
      "integrity": "sha1-vpo4YLrS4PKsOnDDT5Ggsl6J9Wk=",
      "dev": true
    }
  }
}
