{
  "name": "@mobile/hjson",
  "version": "2.0.7",
  "lockfileVersion": 1,
  "requires": true,
  "dependencies": {
    "hjson": {
      "version": "2.0.7",
      "resolved": "https://registry.npmjs.org/hjson/-/hjson-2.0.7.tgz",
      "integrity": "sha1-+lWlS3SOf+iKA2H3InQqoNs073s=",
      "dev": true
    }
  }
}
