{
  "name": "@mobile/hjson",
  "version": "3.1.1",
  "lockfileVersion": 1,
  "requires": true,
  "dependencies": {
    "hjson": {
      "version": "3.1.1",
      "resolved": "https://registry.npmjs.org/hjson/-/hjson-3.1.1.tgz",
      "integrity": "sha512-1oGkOq4sssz7HFZ8Is9HuTR47r8gSC46qAzQxVlAkj0lNKpS+W5Lv2eci+c5+fFqL+Idtj5EvprFreUwH29a8A==",
      "dev": true
    }
  }
}
